{
  "version": 4,
  "terraform_version": "0.12.20",
  "serial": 713,
  "lineage": "f208ea8a-18a7-3530-d95c-16a08f69fccb",
  "outputs": {},
  "resources": [
    {
      "mode": "managed",
      "type": "azurerm_lb",
      "name": "web_sever_lb",
      "provider": "provider.azurerm",
      "instances": [
        {
          "schema_version": 0,
          "attributes": {
            "frontend_ip_configuration": [
              {
                "inbound_nat_rules": [],
                "load_balancer_rules": [],
                "name": "web-server-lb-frontend-ip",
                "outbound_rules": [],
                "private_ip_address": "",
                "private_ip_address_allocation": "Dynamic",
                "public_ip_address_id": "/subscriptions/fa7fcc6e-4afc-4efe-9810-c457a5b9edc6/resourceGroups/web-rg/providers/Microsoft.Network/publicIPAddresses/web-server-public-ip",
                "subnet_id": "",
                "zones": null
              }
            ],
            "id": "/subscriptions/fa7fcc6e-4afc-4efe-9810-c457a5b9edc6/resourceGroups/web-rg/providers/Microsoft.Network/loadBalancers/web-server-lb",
            "location": "westus2",
            "name": "web-server-lb",
            "private_ip_address": "",
            "private_ip_addresses": [],
            "resource_group_name": "web-rg",
            "sku": "Basic",
            "tags": {}
          },
          "private": "bnVsbA==",
          "dependencies": [
            "azurerm_public_ip.web_server_lb_public_ip",
            "azurerm_resource_group.web_server_rg"
          ]
        }
      ]
    },
    {
      "mode": "managed",
      "type": "azurerm_lb_backend_address_pool",
      "name": "web_server_lb_backend_pool",
      "provider": "provider.azurerm",
      "instances": [
        {
          "schema_version": 0,
          "attributes": {
            "backend_ip_configurations": [],
            "id": "/subscriptions/fa7fcc6e-4afc-4efe-9810-c457a5b9edc6/resourceGroups/web-rg/providers/Microsoft.Network/loadBalancers/web-server-lb/backendAddressPools/web-server-lb-backend-pool",
            "load_balancing_rules": [],
            "loadbalancer_id": "/subscriptions/fa7fcc6e-4afc-4efe-9810-c457a5b9edc6/resourceGroups/web-rg/providers/Microsoft.Network/loadBalancers/web-server-lb",
            "location": null,
            "name": "web-server-lb-backend-pool",
            "resource_group_name": "web-rg"
          },
          "private": "bnVsbA==",
          "dependencies": [
            "azurerm_lb.web_sever_lb",
            "azurerm_public_ip.web_server_lb_public_ip",
            "azurerm_resource_group.web_server_rg"
          ]
        }
      ]
    },
    {
      "mode": "managed",
      "type": "azurerm_lb_probe",
      "name": "web_server_lb_http_probe",
      "provider": "provider.azurerm",
      "instances": [
        {
          "schema_version": 0,
          "attributes": {
            "id": "/subscriptions/fa7fcc6e-4afc-4efe-9810-c457a5b9edc6/resourceGroups/web-rg/providers/Microsoft.Network/loadBalancers/web-server-lb/probes/web-server-lb-http-prob",
            "interval_in_seconds": 15,
            "load_balancer_rules": [],
            "loadbalancer_id": "/subscriptions/fa7fcc6e-4afc-4efe-9810-c457a5b9edc6/resourceGroups/web-rg/providers/Microsoft.Network/loadBalancers/web-server-lb",
            "location": null,
            "name": "web-server-lb-http-prob",
            "number_of_probes": 2,
            "port": 80,
            "protocol": "Tcp",
            "request_path": "",
            "resource_group_name": "web-rg"
          },
          "private": "bnVsbA==",
          "dependencies": [
            "azurerm_lb.web_sever_lb",
            "azurerm_public_ip.web_server_lb_public_ip",
            "azurerm_resource_group.web_server_rg"
          ]
        }
      ]
    },
    {
      "mode": "managed",
      "type": "azurerm_lb_rule",
      "name": "web_server_lb_http_rule",
      "provider": "provider.azurerm",
      "instances": [
        {
          "schema_version": 0,
          "attributes": {
            "backend_address_pool_id": "/subscriptions/fa7fcc6e-4afc-4efe-9810-c457a5b9edc6/resourceGroups/web-rg/providers/Microsoft.Network/loadBalancers/web-server-lb/backendAddressPools/web-server-lb-backend-pool",
            "backend_port": 80,
            "enable_floating_ip": false,
            "frontend_ip_configuration_id": "/subscriptions/fa7fcc6e-4afc-4efe-9810-c457a5b9edc6/resourceGroups/web-rg/providers/Microsoft.Network/loadBalancers/web-server-lb/frontendIPConfigurations/web-server-lb-frontend-ip",
            "frontend_ip_configuration_name": "web-server-lb-frontend-ip",
            "frontend_port": 80,
            "id": "/subscriptions/fa7fcc6e-4afc-4efe-9810-c457a5b9edc6/resourceGroups/web-rg/providers/Microsoft.Network/loadBalancers/web-server-lb/loadBalancingRules/web-server-lb-http-rule",
            "idle_timeout_in_minutes": 4,
            "load_distribution": "Default",
            "loadbalancer_id": "/subscriptions/fa7fcc6e-4afc-4efe-9810-c457a5b9edc6/resourceGroups/web-rg/providers/Microsoft.Network/loadBalancers/web-server-lb",
            "location": null,
            "name": "web-server-lb-http-rule",
            "probe_id": "/subscriptions/fa7fcc6e-4afc-4efe-9810-c457a5b9edc6/resourceGroups/web-rg/providers/Microsoft.Network/loadBalancers/web-server-lb/probes/web-server-lb-http-prob",
            "protocol": "Tcp",
            "resource_group_name": "web-rg"
          },
          "private": "bnVsbA==",
          "dependencies": [
            "azurerm_lb.web_sever_lb",
            "azurerm_lb_backend_address_pool.web_server_lb_backend_pool",
            "azurerm_lb_probe.web_server_lb_http_probe",
            "azurerm_public_ip.web_server_lb_public_ip",
            "azurerm_resource_group.web_server_rg"
          ]
        }
      ]
    },
    {
      "mode": "managed",
      "type": "azurerm_network_security_group",
      "name": "web_server_nsg",
      "provider": "provider.azurerm",
      "instances": [
        {
          "schema_version": 0,
          "attributes": {
            "id": "/subscriptions/fa7fcc6e-4afc-4efe-9810-c457a5b9edc6/resourceGroups/web-rg/providers/Microsoft.Network/networkSecurityGroups/web-server-nsg",
            "location": "westus2",
            "name": "web-server-nsg",
            "resource_group_name": "web-rg",
            "security_rule": [],
            "tags": {}
          },
          "private": "bnVsbA==",
          "dependencies": [
            "azurerm_resource_group.web_server_rg"
          ]
        }
      ]
    },
    {
      "mode": "managed",
      "type": "azurerm_network_security_rule",
      "name": "web_server_nsg_rule_http",
      "provider": "provider.azurerm",
      "instances": [
        {
          "schema_version": 0,
          "attributes": {
            "access": "Allow",
            "description": "",
            "destination_address_prefix": "*",
            "destination_address_prefixes": null,
            "destination_application_security_group_ids": null,
            "destination_port_range": "80",
            "destination_port_ranges": null,
            "direction": "Inbound",
            "id": "/subscriptions/fa7fcc6e-4afc-4efe-9810-c457a5b9edc6/resourceGroups/web-rg/providers/Microsoft.Network/networkSecurityGroups/web-server-nsg/securityRules/HTTP Inbound",
            "name": "HTTP Inbound",
            "network_security_group_name": "web-server-nsg",
            "priority": 100,
            "protocol": "TCP",
            "resource_group_name": "web-rg",
            "source_address_prefix": "*",
            "source_address_prefixes": null,
            "source_application_security_group_ids": null,
            "source_port_range": "*",
            "source_port_ranges": null
          },
          "private": "bnVsbA==",
          "dependencies": [
            "azurerm_network_security_group.web_server_nsg",
            "azurerm_resource_group.web_server_rg"
          ]
        }
      ]
    },
    {
      "mode": "managed",
      "type": "azurerm_public_ip",
      "name": "web_server_lb_public_ip",
      "provider": "provider.azurerm",
      "instances": [
        {
          "schema_version": 0,
          "attributes": {
            "allocation_method": "Static",
            "domain_name_label": "learning-mustafa-web",
            "fqdn": "learning-mustafa-web.westus2.cloudapp.azure.com",
            "id": "/subscriptions/fa7fcc6e-4afc-4efe-9810-c457a5b9edc6/resourceGroups/web-rg/providers/Microsoft.Network/publicIPAddresses/web-server-public-ip",
            "idle_timeout_in_minutes": 4,
            "ip_address": "51.141.173.134",
            "ip_version": "IPv4",
            "location": "westus2",
            "name": "web-server-public-ip",
            "public_ip_address_allocation": "Static",
            "public_ip_prefix_id": null,
            "resource_group_name": "web-rg",
            "reverse_fqdn": "",
            "sku": "Basic",
            "tags": {},
            "zones": null
          },
          "private": "bnVsbA==",
          "dependencies": [
            "azurerm_resource_group.web_server_rg"
          ]
        }
      ]
    },
    {
      "mode": "managed",
      "type": "azurerm_resource_group",
      "name": "web_server_rg",
      "provider": "provider.azurerm",
      "instances": [
        {
          "schema_version": 0,
          "attributes": {
            "id": "/subscriptions/fa7fcc6e-4afc-4efe-9810-c457a5b9edc6/resourceGroups/web-rg",
            "location": "westus2",
            "name": "web-rg",
            "tags": {
              "build_environment": "1.00",
              "environment": "production"
            }
          },
          "private": "bnVsbA=="
        }
      ]
    },
    {
      "mode": "managed",
      "type": "azurerm_subnet",
      "name": "web_server_subnet",
      "each": "list",
      "provider": "provider.azurerm",
      "instances": [
        {
          "index_key": 0,
          "schema_version": 0,
          "attributes": {
            "address_prefix": "1.0.1.0/24",
            "delegation": [],
            "id": "/subscriptions/fa7fcc6e-4afc-4efe-9810-c457a5b9edc6/resourceGroups/web-rg/providers/Microsoft.Network/virtualNetworks/web-server-vnet/subnets/web-server-1.0.1.0-subnet",
            "ip_configurations": [],
            "name": "web-server-1.0.1.0-subnet",
            "network_security_group_id": "/subscriptions/fa7fcc6e-4afc-4efe-9810-c457a5b9edc6/resourceGroups/web-rg/providers/Microsoft.Network/networkSecurityGroups/web-server-nsg",
            "resource_group_name": "web-rg",
            "route_table_id": "",
            "service_endpoints": null,
            "virtual_network_name": "web-server-vnet"
          },
          "private": "bnVsbA==",
          "dependencies": [
            "azurerm_network_security_group.web_server_nsg",
            "azurerm_resource_group.web_server_rg",
            "azurerm_virtual_network.web_server_vnet"
          ]
        },
        {
          "index_key": 1,
          "schema_version": 0,
          "attributes": {
            "address_prefix": "1.0.2.0/24",
            "delegation": [],
            "id": "/subscriptions/fa7fcc6e-4afc-4efe-9810-c457a5b9edc6/resourceGroups/web-rg/providers/Microsoft.Network/virtualNetworks/web-server-vnet/subnets/web-server-1.0.2.0-subnet",
            "ip_configurations": [],
            "name": "web-server-1.0.2.0-subnet",
            "network_security_group_id": "",
            "resource_group_name": "web-rg",
            "route_table_id": "",
            "service_endpoints": null,
            "virtual_network_name": "web-server-vnet"
          },
          "private": "bnVsbA==",
          "dependencies": [
            "azurerm_network_security_group.web_server_nsg",
            "azurerm_resource_group.web_server_rg",
            "azurerm_virtual_network.web_server_vnet"
          ]
        }
      ]
    },
    {
      "mode": "managed",
      "type": "azurerm_virtual_machine_scale_set",
      "name": "web_server",
      "provider": "provider.azurerm",
      "instances": [
        {
          "schema_version": 0,
          "attributes": {
            "automatic_os_upgrade": false,
            "boot_diagnostics": [],
            "eviction_policy": "",
            "extension": [
              {
                "auto_upgrade_minor_version": null,
                "name": "web-01-pd-extension",
                "protected_settings": "",
                "publisher": "Microsoft.Compute",
                "settings": "    {\r\n      \"fileUris\": [\"https://raw.githubusercontent.com/mustafakamil12/learning/master/azureInstallWebServer.ps1\"],\r\n      \"commandToExecute\": \"start powershell -ExecutionPolicy Unrestricted -File azureInstallWebServer.ps1\"\r\n    }\r\n",
                "type": "CustomScriptExtension",
                "type_handler_version": "1.9"
              }
            ],
            "health_probe_id": null,
            "id": "/subscriptions/fa7fcc6e-4afc-4efe-9810-c457a5b9edc6/resourceGroups/web-rg/providers/Microsoft.Compute/virtualMachineScaleSets/web-01-pd-scale-set",
            "identity": [],
            "license_type": "",
            "location": "westus2",
            "name": "web-01-pd-scale-set",
            "network_profile": [
              {
                "accelerated_networking": false,
                "dns_settings": [
                  {
                    "dns_servers": []
                  }
                ],
                "ip_configuration": [
                  {
                    "application_gateway_backend_address_pool_ids": [],
                    "application_security_group_ids": [],
                    "load_balancer_backend_address_pool_ids": [
                      "/subscriptions/fa7fcc6e-4afc-4efe-9810-c457a5b9edc6/resourceGroups/web-rg/providers/Microsoft.Network/loadBalancers/web-server-lb/backendAddressPools/web-server-lb-backend-pool"
                    ],
                    "load_balancer_inbound_nat_rules_ids": [],
                    "name": "web-01-pd",
                    "primary": true,
                    "public_ip_address_configuration": [],
                    "subnet_id": "/subscriptions/fa7fcc6e-4afc-4efe-9810-c457a5b9edc6/resourceGroups/web-rg/providers/Microsoft.Network/virtualNetworks/web-server-vnet/subnets/web-server-1.0.1.0-subnet"
                  }
                ],
                "ip_forwarding": false,
                "name": "web_server_network_profile",
                "network_security_group_id": "",
                "primary": true
              }
            ],
            "os_profile": [
              {
                "admin_password": "Passw0rd1234",
                "admin_username": "webserver",
                "computer_name_prefix": "web-01-pd",
                "custom_data": ""
              }
            ],
            "os_profile_linux_config": [],
            "os_profile_secrets": [],
            "os_profile_windows_config": [
              {
                "additional_unattend_config": [],
                "enable_automatic_upgrades": null,
                "provision_vm_agent": true,
                "winrm": []
              }
            ],
            "overprovision": true,
            "plan": [],
            "priority": "",
            "resource_group_name": "web-rg",
            "rolling_upgrade_policy": [],
            "single_placement_group": true,
            "sku": [
              {
                "capacity": 2,
                "name": "Standard_F2s_v2",
                "tier": "Standard"
              }
            ],
            "storage_profile_data_disk": [],
            "storage_profile_image_reference": [
              {
                "id": "",
                "offer": "WindowsServer",
                "publisher": "MicrosoftWindowsServer",
                "sku": "2016-Datacenter-Server-Core-smalldisk",
                "version": "latest"
              }
            ],
            "storage_profile_os_disk": [
              {
                "caching": "ReadWrite",
                "create_option": "FromImage",
                "image": "",
                "managed_disk_type": "Standard_LRS",
                "name": "",
                "os_type": "",
                "vhd_containers": []
              }
            ],
            "tags": {},
            "upgrade_policy_mode": "Manual",
            "zones": null
          },
          "private": "bnVsbA==",
          "dependencies": [
            "azurerm_lb.web_sever_lb",
            "azurerm_lb_backend_address_pool.web_server_lb_backend_pool",
            "azurerm_network_security_group.web_server_nsg",
            "azurerm_public_ip.web_server_lb_public_ip",
            "azurerm_resource_group.web_server_rg",
            "azurerm_subnet.web_server_subnet",
            "azurerm_virtual_network.web_server_vnet"
          ]
        }
      ]
    },
    {
      "mode": "managed",
      "type": "azurerm_virtual_network",
      "name": "web_server_vnet",
      "provider": "provider.azurerm",
      "instances": [
        {
          "schema_version": 0,
          "attributes": {
            "address_space": [
              "1.0.0.0/22"
            ],
            "ddos_protection_plan": [],
            "dns_servers": null,
            "id": "/subscriptions/fa7fcc6e-4afc-4efe-9810-c457a5b9edc6/resourceGroups/web-rg/providers/Microsoft.Network/virtualNetworks/web-server-vnet",
            "location": "westus2",
            "name": "web-server-vnet",
            "resource_group_name": "web-rg",
            "subnet": [],
            "tags": {}
          },
          "private": "bnVsbA==",
          "dependencies": [
            "azurerm_resource_group.web_server_rg"
          ]
        }
      ]
    }
  ]
}
