{
  "version": 4,
  "terraform_version": "0.12.20",
  "serial": 120,
  "lineage": "3048aea7-0780-3b28-d9bb-4f84ce2f12a4",
  "outputs": {},
  "resources": [
    {
      "module": "module.location_eu1w",
      "mode": "managed",
      "type": "azurerm_lb",
      "name": "web_sever_lb",
      "provider": "provider.azurerm",
      "instances": [
        {
          "schema_version": 0,
          "attributes": {
            "frontend_ip_configuration": [
              {
                "inbound_nat_rules": [],
                "load_balancer_rules": [],
                "name": "web-server-eu1w-lb-frontend-ip",
                "outbound_rules": [],
                "private_ip_address": "",
                "private_ip_address_allocation": "Dynamic",
                "public_ip_address_id": "/subscriptions/fa7fcc6e-4afc-4efe-9810-c457a5b9edc6/resourceGroups/web-rg-eu1w/providers/Microsoft.Network/publicIPAddresses/web-server-eu1w-public-ip",
                "subnet_id": "",
                "zones": null
              }
            ],
            "id": "/subscriptions/fa7fcc6e-4afc-4efe-9810-c457a5b9edc6/resourceGroups/web-rg-eu1w/providers/Microsoft.Network/loadBalancers/web-server-eu1w-lb",
            "location": "westeurope",
            "name": "web-server-eu1w-lb",
            "private_ip_address": "",
            "private_ip_addresses": [],
            "resource_group_name": "web-rg-eu1w",
            "sku": "Basic",
            "tags": {}
          },
          "private": "bnVsbA==",
          "dependencies": [
            "module.location_eu1w.azurerm_public_ip.web_server_lb_public_ip",
            "module.location_eu1w.azurerm_resource_group.web_server_rg"
          ]
        }
      ]
    },
    {
      "module": "module.location_us2w",
      "mode": "managed",
      "type": "azurerm_lb",
      "name": "web_sever_lb",
      "provider": "provider.azurerm",
      "instances": [
        {
          "schema_version": 0,
          "attributes": {
            "frontend_ip_configuration": [
              {
                "inbound_nat_rules": [],
                "load_balancer_rules": [],
                "name": "web-server-us2w-lb-frontend-ip",
                "outbound_rules": [],
                "private_ip_address": "",
                "private_ip_address_allocation": "Dynamic",
                "public_ip_address_id": "/subscriptions/fa7fcc6e-4afc-4efe-9810-c457a5b9edc6/resourceGroups/web-rg-us2w/providers/Microsoft.Network/publicIPAddresses/web-server-us2w-public-ip",
                "subnet_id": "",
                "zones": null
              }
            ],
            "id": "/subscriptions/fa7fcc6e-4afc-4efe-9810-c457a5b9edc6/resourceGroups/web-rg-us2w/providers/Microsoft.Network/loadBalancers/web-server-us2w-lb",
            "location": "westus2",
            "name": "web-server-us2w-lb",
            "private_ip_address": "",
            "private_ip_addresses": [],
            "resource_group_name": "web-rg-us2w",
            "sku": "Basic",
            "tags": {}
          },
          "private": "bnVsbA==",
          "dependencies": [
            "module.location_us2w.azurerm_public_ip.web_server_lb_public_ip",
            "module.location_us2w.azurerm_resource_group.web_server_rg"
          ]
        }
      ]
    },
    {
      "module": "module.location_eu1w",
      "mode": "managed",
      "type": "azurerm_lb_backend_address_pool",
      "name": "web_server_lb_backend_pool",
      "provider": "provider.azurerm",
      "instances": [
        {
          "schema_version": 0,
          "attributes": {
            "backend_ip_configurations": [],
            "id": "/subscriptions/fa7fcc6e-4afc-4efe-9810-c457a5b9edc6/resourceGroups/web-rg-eu1w/providers/Microsoft.Network/loadBalancers/web-server-eu1w-lb/backendAddressPools/web-server-eu1w-lb-backend-pool",
            "load_balancing_rules": [],
            "loadbalancer_id": "/subscriptions/fa7fcc6e-4afc-4efe-9810-c457a5b9edc6/resourceGroups/web-rg-eu1w/providers/Microsoft.Network/loadBalancers/web-server-eu1w-lb",
            "location": null,
            "name": "web-server-eu1w-lb-backend-pool",
            "resource_group_name": "web-rg-eu1w"
          },
          "private": "bnVsbA==",
          "dependencies": [
            "module.location_eu1w.azurerm_lb.web_sever_lb",
            "module.location_eu1w.azurerm_public_ip.web_server_lb_public_ip",
            "module.location_eu1w.azurerm_resource_group.web_server_rg"
          ]
        }
      ]
    },
    {
      "module": "module.location_us2w",
      "mode": "managed",
      "type": "azurerm_lb_backend_address_pool",
      "name": "web_server_lb_backend_pool",
      "provider": "provider.azurerm",
      "instances": [
        {
          "schema_version": 0,
          "attributes": {
            "backend_ip_configurations": [],
            "id": "/subscriptions/fa7fcc6e-4afc-4efe-9810-c457a5b9edc6/resourceGroups/web-rg-us2w/providers/Microsoft.Network/loadBalancers/web-server-us2w-lb/backendAddressPools/web-server-us2w-lb-backend-pool",
            "load_balancing_rules": [],
            "loadbalancer_id": "/subscriptions/fa7fcc6e-4afc-4efe-9810-c457a5b9edc6/resourceGroups/web-rg-us2w/providers/Microsoft.Network/loadBalancers/web-server-us2w-lb",
            "location": null,
            "name": "web-server-us2w-lb-backend-pool",
            "resource_group_name": "web-rg-us2w"
          },
          "private": "bnVsbA==",
          "dependencies": [
            "module.location_us2w.azurerm_lb.web_sever_lb",
            "module.location_us2w.azurerm_public_ip.web_server_lb_public_ip",
            "module.location_us2w.azurerm_resource_group.web_server_rg"
          ]
        }
      ]
    },
    {
      "module": "module.location_eu1w",
      "mode": "managed",
      "type": "azurerm_lb_probe",
      "name": "web_server_lb_http_probe",
      "provider": "provider.azurerm",
      "instances": [
        {
          "schema_version": 0,
          "attributes": {
            "id": "/subscriptions/fa7fcc6e-4afc-4efe-9810-c457a5b9edc6/resourceGroups/web-rg-eu1w/providers/Microsoft.Network/loadBalancers/web-server-eu1w-lb/probes/web-server-eu1w-lb-http-prob",
            "interval_in_seconds": 15,
            "load_balancer_rules": [],
            "loadbalancer_id": "/subscriptions/fa7fcc6e-4afc-4efe-9810-c457a5b9edc6/resourceGroups/web-rg-eu1w/providers/Microsoft.Network/loadBalancers/web-server-eu1w-lb",
            "location": null,
            "name": "web-server-eu1w-lb-http-prob",
            "number_of_probes": 2,
            "port": 80,
            "protocol": "Tcp",
            "request_path": "",
            "resource_group_name": "web-rg-eu1w"
          },
          "private": "bnVsbA==",
          "dependencies": [
            "module.location_eu1w.azurerm_lb.web_sever_lb",
            "module.location_eu1w.azurerm_public_ip.web_server_lb_public_ip",
            "module.location_eu1w.azurerm_resource_group.web_server_rg"
          ]
        }
      ]
    },
    {
      "module": "module.location_us2w",
      "mode": "managed",
      "type": "azurerm_lb_probe",
      "name": "web_server_lb_http_probe",
      "provider": "provider.azurerm",
      "instances": [
        {
          "schema_version": 0,
          "attributes": {
            "id": "/subscriptions/fa7fcc6e-4afc-4efe-9810-c457a5b9edc6/resourceGroups/web-rg-us2w/providers/Microsoft.Network/loadBalancers/web-server-us2w-lb/probes/web-server-us2w-lb-http-prob",
            "interval_in_seconds": 15,
            "load_balancer_rules": [],
            "loadbalancer_id": "/subscriptions/fa7fcc6e-4afc-4efe-9810-c457a5b9edc6/resourceGroups/web-rg-us2w/providers/Microsoft.Network/loadBalancers/web-server-us2w-lb",
            "location": null,
            "name": "web-server-us2w-lb-http-prob",
            "number_of_probes": 2,
            "port": 80,
            "protocol": "Tcp",
            "request_path": "",
            "resource_group_name": "web-rg-us2w"
          },
          "private": "bnVsbA==",
          "dependencies": [
            "module.location_us2w.azurerm_lb.web_sever_lb",
            "module.location_us2w.azurerm_public_ip.web_server_lb_public_ip",
            "module.location_us2w.azurerm_resource_group.web_server_rg"
          ]
        }
      ]
    },
    {
      "module": "module.location_eu1w",
      "mode": "managed",
      "type": "azurerm_lb_rule",
      "name": "web_server_lb_http_rule",
      "provider": "provider.azurerm",
      "instances": [
        {
          "schema_version": 0,
          "attributes": {
            "backend_address_pool_id": "/subscriptions/fa7fcc6e-4afc-4efe-9810-c457a5b9edc6/resourceGroups/web-rg-eu1w/providers/Microsoft.Network/loadBalancers/web-server-eu1w-lb/backendAddressPools/web-server-eu1w-lb-backend-pool",
            "backend_port": 80,
            "enable_floating_ip": false,
            "frontend_ip_configuration_id": "/subscriptions/fa7fcc6e-4afc-4efe-9810-c457a5b9edc6/resourceGroups/web-rg-eu1w/providers/Microsoft.Network/loadBalancers/web-server-eu1w-lb/frontendIPConfigurations/web-server-eu1w-lb-frontend-ip",
            "frontend_ip_configuration_name": "web-server-eu1w-lb-frontend-ip",
            "frontend_port": 80,
            "id": "/subscriptions/fa7fcc6e-4afc-4efe-9810-c457a5b9edc6/resourceGroups/web-rg-eu1w/providers/Microsoft.Network/loadBalancers/web-server-eu1w-lb/loadBalancingRules/web-server-eu1w-lb-http-rule",
            "idle_timeout_in_minutes": 4,
            "load_distribution": "Default",
            "loadbalancer_id": "/subscriptions/fa7fcc6e-4afc-4efe-9810-c457a5b9edc6/resourceGroups/web-rg-eu1w/providers/Microsoft.Network/loadBalancers/web-server-eu1w-lb",
            "location": null,
            "name": "web-server-eu1w-lb-http-rule",
            "probe_id": "/subscriptions/fa7fcc6e-4afc-4efe-9810-c457a5b9edc6/resourceGroups/web-rg-eu1w/providers/Microsoft.Network/loadBalancers/web-server-eu1w-lb/probes/web-server-eu1w-lb-http-prob",
            "protocol": "Tcp",
            "resource_group_name": "web-rg-eu1w"
          },
          "private": "bnVsbA==",
          "dependencies": [
            "module.location_eu1w.azurerm_lb.web_sever_lb",
            "module.location_eu1w.azurerm_lb_backend_address_pool.web_server_lb_backend_pool",
            "module.location_eu1w.azurerm_lb_probe.web_server_lb_http_probe",
            "module.location_eu1w.azurerm_public_ip.web_server_lb_public_ip",
            "module.location_eu1w.azurerm_resource_group.web_server_rg"
          ]
        }
      ]
    },
    {
      "module": "module.location_us2w",
      "mode": "managed",
      "type": "azurerm_lb_rule",
      "name": "web_server_lb_http_rule",
      "provider": "provider.azurerm",
      "instances": [
        {
          "schema_version": 0,
          "attributes": {
            "backend_address_pool_id": "/subscriptions/fa7fcc6e-4afc-4efe-9810-c457a5b9edc6/resourceGroups/web-rg-us2w/providers/Microsoft.Network/loadBalancers/web-server-us2w-lb/backendAddressPools/web-server-us2w-lb-backend-pool",
            "backend_port": 80,
            "enable_floating_ip": false,
            "frontend_ip_configuration_id": "/subscriptions/fa7fcc6e-4afc-4efe-9810-c457a5b9edc6/resourceGroups/web-rg-us2w/providers/Microsoft.Network/loadBalancers/web-server-us2w-lb/frontendIPConfigurations/web-server-us2w-lb-frontend-ip",
            "frontend_ip_configuration_name": "web-server-us2w-lb-frontend-ip",
            "frontend_port": 80,
            "id": "/subscriptions/fa7fcc6e-4afc-4efe-9810-c457a5b9edc6/resourceGroups/web-rg-us2w/providers/Microsoft.Network/loadBalancers/web-server-us2w-lb/loadBalancingRules/web-server-us2w-lb-http-rule",
            "idle_timeout_in_minutes": 4,
            "load_distribution": "Default",
            "loadbalancer_id": "/subscriptions/fa7fcc6e-4afc-4efe-9810-c457a5b9edc6/resourceGroups/web-rg-us2w/providers/Microsoft.Network/loadBalancers/web-server-us2w-lb",
            "location": null,
            "name": "web-server-us2w-lb-http-rule",
            "probe_id": "/subscriptions/fa7fcc6e-4afc-4efe-9810-c457a5b9edc6/resourceGroups/web-rg-us2w/providers/Microsoft.Network/loadBalancers/web-server-us2w-lb/probes/web-server-us2w-lb-http-prob",
            "protocol": "Tcp",
            "resource_group_name": "web-rg-us2w"
          },
          "private": "bnVsbA==",
          "dependencies": [
            "module.location_us2w.azurerm_lb.web_sever_lb",
            "module.location_us2w.azurerm_lb_backend_address_pool.web_server_lb_backend_pool",
            "module.location_us2w.azurerm_lb_probe.web_server_lb_http_probe",
            "module.location_us2w.azurerm_public_ip.web_server_lb_public_ip",
            "module.location_us2w.azurerm_resource_group.web_server_rg"
          ]
        }
      ]
    },
    {
      "mode": "managed",
      "type": "azurerm_network_interface",
      "name": "jump_server_nic",
      "provider": "provider.azurerm",
      "instances": [
        {
          "schema_version": 0,
          "attributes": {
            "applied_dns_servers": [],
            "dns_servers": [],
            "enable_accelerated_networking": false,
            "enable_ip_forwarding": false,
            "id": "/subscriptions/fa7fcc6e-4afc-4efe-9810-c457a5b9edc6/resourceGroups/jump-server-eu1w-rg/providers/Microsoft.Network/networkInterfaces/jump-eu1w-nic",
            "internal_dns_name_label": "",
            "internal_fqdn": "",
            "ip_configuration": [
              {
                "application_gateway_backend_address_pools_ids": [],
                "application_security_group_ids": [],
                "load_balancer_backend_address_pools_ids": [],
                "load_balancer_inbound_nat_rules_ids": [],
                "name": "jump-eu1w-ip",
                "primary": true,
                "private_ip_address": "",
                "private_ip_address_allocation": "dynamic",
                "private_ip_address_version": "IPv4",
                "public_ip_address_id": "/subscriptions/fa7fcc6e-4afc-4efe-9810-c457a5b9edc6/resourceGroups/jump-server-eu1w-rg/providers/Microsoft.Network/publicIPAddresses/jump-eu1w-public-ip",
                "subnet_id": "/subscriptions/fa7fcc6e-4afc-4efe-9810-c457a5b9edc6/resourceGroups/jump-server-eu1w-rg/providers/Microsoft.Network/virtualNetworks/jump-server-eu1w-vnet/subnets/jump-server-eu1w-3.0.0.0-subnet"
              }
            ],
            "location": "westeurope",
            "mac_address": "",
            "name": "jump-eu1w-nic",
            "network_security_group_id": "/subscriptions/fa7fcc6e-4afc-4efe-9810-c457a5b9edc6/resourceGroups/jump-server-eu1w-rg/providers/Microsoft.Network/networkSecurityGroups/jump-eu1w-nsg",
            "private_ip_address": "3.0.0.4",
            "private_ip_addresses": [
              "3.0.0.4"
            ],
            "resource_group_name": "jump-server-eu1w-rg",
            "tags": {},
            "virtual_machine_id": null
          },
          "private": "bnVsbA==",
          "dependencies": [
            "azurerm_network_security_group.jump_server_nsg",
            "azurerm_public_ip.jump_server_public_ip",
            "azurerm_resource_group.jump_server_rg",
            "azurerm_subnet.jump_server_subnet",
            "azurerm_virtual_network.jump_server_vnet"
          ]
        }
      ]
    },
    {
      "mode": "managed",
      "type": "azurerm_network_security_group",
      "name": "jump_server_nsg",
      "provider": "provider.azurerm",
      "instances": [
        {
          "schema_version": 0,
          "attributes": {
            "id": "/subscriptions/fa7fcc6e-4afc-4efe-9810-c457a5b9edc6/resourceGroups/jump-server-eu1w-rg/providers/Microsoft.Network/networkSecurityGroups/jump-eu1w-nsg",
            "location": "westeurope",
            "name": "jump-eu1w-nsg",
            "resource_group_name": "jump-server-eu1w-rg",
            "security_rule": [],
            "tags": {}
          },
          "private": "bnVsbA==",
          "dependencies": [
            "azurerm_resource_group.jump_server_rg"
          ]
        }
      ]
    },
    {
      "module": "module.location_eu1w",
      "mode": "managed",
      "type": "azurerm_network_security_group",
      "name": "web_server_nsg",
      "provider": "provider.azurerm",
      "instances": [
        {
          "schema_version": 0,
          "attributes": {
            "id": "/subscriptions/fa7fcc6e-4afc-4efe-9810-c457a5b9edc6/resourceGroups/web-rg-eu1w/providers/Microsoft.Network/networkSecurityGroups/web-server-eu1w-nsg",
            "location": "westeurope",
            "name": "web-server-eu1w-nsg",
            "resource_group_name": "web-rg-eu1w",
            "security_rule": [],
            "tags": {}
          },
          "private": "bnVsbA==",
          "dependencies": [
            "module.location_eu1w.azurerm_resource_group.web_server_rg"
          ]
        }
      ]
    },
    {
      "module": "module.location_us2w",
      "mode": "managed",
      "type": "azurerm_network_security_group",
      "name": "web_server_nsg",
      "provider": "provider.azurerm",
      "instances": [
        {
          "schema_version": 0,
          "attributes": {
            "id": "/subscriptions/fa7fcc6e-4afc-4efe-9810-c457a5b9edc6/resourceGroups/web-rg-us2w/providers/Microsoft.Network/networkSecurityGroups/web-server-us2w-nsg",
            "location": "westus2",
            "name": "web-server-us2w-nsg",
            "resource_group_name": "web-rg-us2w",
            "security_rule": [],
            "tags": {}
          },
          "private": "bnVsbA==",
          "dependencies": [
            "module.location_us2w.azurerm_resource_group.web_server_rg"
          ]
        }
      ]
    },
    {
      "mode": "managed",
      "type": "azurerm_network_security_rule",
      "name": "jump_server_nsg_rule_rdp",
      "provider": "provider.azurerm",
      "instances": [
        {
          "schema_version": 0,
          "attributes": {
            "access": "Allow",
            "description": "",
            "destination_address_prefix": "*",
            "destination_address_prefixes": null,
            "destination_application_security_group_ids": null,
            "destination_port_range": "3389",
            "destination_port_ranges": null,
            "direction": "Inbound",
            "id": "/subscriptions/fa7fcc6e-4afc-4efe-9810-c457a5b9edc6/resourceGroups/jump-server-eu1w-rg/providers/Microsoft.Network/networkSecurityGroups/jump-eu1w-nsg/securityRules/RDP Inbound",
            "name": "RDP Inbound",
            "network_security_group_name": "jump-eu1w-nsg",
            "priority": 100,
            "protocol": "Tcp",
            "resource_group_name": "jump-server-eu1w-rg",
            "source_address_prefix": "*",
            "source_address_prefixes": null,
            "source_application_security_group_ids": null,
            "source_port_range": "*",
            "source_port_ranges": null
          },
          "private": "bnVsbA==",
          "dependencies": [
            "azurerm_network_security_group.jump_server_nsg",
            "azurerm_resource_group.jump_server_rg"
          ]
        }
      ]
    },
    {
      "module": "module.location_eu1w",
      "mode": "managed",
      "type": "azurerm_network_security_rule",
      "name": "web_server_nsg_rule_http",
      "provider": "provider.azurerm",
      "instances": [
        {
          "schema_version": 0,
          "attributes": {
            "access": "Allow",
            "description": "",
            "destination_address_prefix": "*",
            "destination_address_prefixes": null,
            "destination_application_security_group_ids": null,
            "destination_port_range": "80",
            "destination_port_ranges": null,
            "direction": "Inbound",
            "id": "/subscriptions/fa7fcc6e-4afc-4efe-9810-c457a5b9edc6/resourceGroups/web-rg-eu1w/providers/Microsoft.Network/networkSecurityGroups/web-server-eu1w-nsg/securityRules/HTTP Inbound",
            "name": "HTTP Inbound",
            "network_security_group_name": "web-server-eu1w-nsg",
            "priority": 100,
            "protocol": "TCP",
            "resource_group_name": "web-rg-eu1w",
            "source_address_prefix": "*",
            "source_address_prefixes": null,
            "source_application_security_group_ids": null,
            "source_port_range": "*",
            "source_port_ranges": null
          },
          "private": "bnVsbA==",
          "dependencies": [
            "module.location_eu1w.azurerm_network_security_group.web_server_nsg",
            "module.location_eu1w.azurerm_resource_group.web_server_rg"
          ]
        }
      ]
    },
    {
      "module": "module.location_us2w",
      "mode": "managed",
      "type": "azurerm_network_security_rule",
      "name": "web_server_nsg_rule_http",
      "provider": "provider.azurerm",
      "instances": [
        {
          "schema_version": 0,
          "attributes": {
            "access": "Allow",
            "description": "",
            "destination_address_prefix": "*",
            "destination_address_prefixes": null,
            "destination_application_security_group_ids": null,
            "destination_port_range": "80",
            "destination_port_ranges": null,
            "direction": "Inbound",
            "id": "/subscriptions/fa7fcc6e-4afc-4efe-9810-c457a5b9edc6/resourceGroups/web-rg-us2w/providers/Microsoft.Network/networkSecurityGroups/web-server-us2w-nsg/securityRules/HTTP Inbound",
            "name": "HTTP Inbound",
            "network_security_group_name": "web-server-us2w-nsg",
            "priority": 100,
            "protocol": "TCP",
            "resource_group_name": "web-rg-us2w",
            "source_address_prefix": "*",
            "source_address_prefixes": null,
            "source_application_security_group_ids": null,
            "source_port_range": "*",
            "source_port_ranges": null
          },
          "private": "bnVsbA==",
          "dependencies": [
            "module.location_us2w.azurerm_network_security_group.web_server_nsg",
            "module.location_us2w.azurerm_resource_group.web_server_rg"
          ]
        }
      ]
    },
    {
      "mode": "managed",
      "type": "azurerm_public_ip",
      "name": "jump_server_public_ip",
      "provider": "provider.azurerm",
      "instances": [
        {
          "schema_version": 0,
          "attributes": {
            "allocation_method": "Static",
            "domain_name_label": null,
            "fqdn": null,
            "id": "/subscriptions/fa7fcc6e-4afc-4efe-9810-c457a5b9edc6/resourceGroups/jump-server-eu1w-rg/providers/Microsoft.Network/publicIPAddresses/jump-eu1w-public-ip",
            "idle_timeout_in_minutes": 4,
            "ip_address": "40.114.224.200",
            "ip_version": "IPv4",
            "location": "westeurope",
            "name": "jump-eu1w-public-ip",
            "public_ip_address_allocation": "Static",
            "public_ip_prefix_id": null,
            "resource_group_name": "jump-server-eu1w-rg",
            "reverse_fqdn": null,
            "sku": "Basic",
            "tags": {},
            "zones": null
          },
          "private": "bnVsbA==",
          "dependencies": [
            "azurerm_resource_group.jump_server_rg"
          ]
        }
      ]
    },
    {
      "module": "module.location_eu1w",
      "mode": "managed",
      "type": "azurerm_public_ip",
      "name": "web_server_lb_public_ip",
      "provider": "provider.azurerm",
      "instances": [
        {
          "schema_version": 0,
          "attributes": {
            "allocation_method": "Static",
            "domain_name_label": "learning-mustafa-web",
            "fqdn": "learning-mustafa-web.westeurope.cloudapp.azure.com",
            "id": "/subscriptions/fa7fcc6e-4afc-4efe-9810-c457a5b9edc6/resourceGroups/web-rg-eu1w/providers/Microsoft.Network/publicIPAddresses/web-server-eu1w-public-ip",
            "idle_timeout_in_minutes": 4,
            "ip_address": "13.94.224.248",
            "ip_version": "IPv4",
            "location": "westeurope",
            "name": "web-server-eu1w-public-ip",
            "public_ip_address_allocation": "Static",
            "public_ip_prefix_id": null,
            "resource_group_name": "web-rg-eu1w",
            "reverse_fqdn": "",
            "sku": "Basic",
            "tags": {},
            "zones": null
          },
          "private": "bnVsbA==",
          "dependencies": [
            "module.location_eu1w.azurerm_resource_group.web_server_rg"
          ]
        }
      ]
    },
    {
      "module": "module.location_us2w",
      "mode": "managed",
      "type": "azurerm_public_ip",
      "name": "web_server_lb_public_ip",
      "provider": "provider.azurerm",
      "instances": [
        {
          "schema_version": 0,
          "attributes": {
            "allocation_method": "Static",
            "domain_name_label": "learning-mustafa-web",
            "fqdn": "learning-mustafa-web.westus2.cloudapp.azure.com",
            "id": "/subscriptions/fa7fcc6e-4afc-4efe-9810-c457a5b9edc6/resourceGroups/web-rg-us2w/providers/Microsoft.Network/publicIPAddresses/web-server-us2w-public-ip",
            "idle_timeout_in_minutes": 4,
            "ip_address": "52.229.27.200",
            "ip_version": "IPv4",
            "location": "westus2",
            "name": "web-server-us2w-public-ip",
            "public_ip_address_allocation": "Static",
            "public_ip_prefix_id": null,
            "resource_group_name": "web-rg-us2w",
            "reverse_fqdn": "",
            "sku": "Basic",
            "tags": {},
            "zones": null
          },
          "private": "bnVsbA==",
          "dependencies": [
            "module.location_us2w.azurerm_resource_group.web_server_rg"
          ]
        }
      ]
    },
    {
      "mode": "managed",
      "type": "azurerm_resource_group",
      "name": "jump_server_rg",
      "provider": "provider.azurerm",
      "instances": [
        {
          "schema_version": 0,
          "attributes": {
            "id": "/subscriptions/fa7fcc6e-4afc-4efe-9810-c457a5b9edc6/resourceGroups/jump-server-eu1w-rg",
            "location": "westeurope",
            "name": "jump-server-eu1w-rg",
            "tags": {}
          },
          "private": "bnVsbA=="
        }
      ]
    },
    {
      "module": "module.location_eu1w",
      "mode": "managed",
      "type": "azurerm_resource_group",
      "name": "web_server_rg",
      "provider": "provider.azurerm",
      "instances": [
        {
          "schema_version": 0,
          "attributes": {
            "id": "/subscriptions/fa7fcc6e-4afc-4efe-9810-c457a5b9edc6/resourceGroups/web-rg-eu1w",
            "location": "westeurope",
            "name": "web-rg-eu1w",
            "tags": {
              "build_environment": "1.00",
              "environment": "production"
            }
          },
          "private": "bnVsbA=="
        }
      ]
    },
    {
      "module": "module.location_us2w",
      "mode": "managed",
      "type": "azurerm_resource_group",
      "name": "web_server_rg",
      "provider": "provider.azurerm",
      "instances": [
        {
          "schema_version": 0,
          "attributes": {
            "id": "/subscriptions/fa7fcc6e-4afc-4efe-9810-c457a5b9edc6/resourceGroups/web-rg-us2w",
            "location": "westus2",
            "name": "web-rg-us2w",
            "tags": {
              "build_environment": "1.00",
              "environment": "production"
            }
          },
          "private": "bnVsbA=="
        }
      ]
    },
    {
      "mode": "managed",
      "type": "azurerm_subnet",
      "name": "jump_server_subnet",
      "provider": "provider.azurerm",
      "instances": [
        {
          "schema_version": 0,
          "attributes": {
            "address_prefix": "3.0.0.0/24",
            "delegation": [],
            "id": "/subscriptions/fa7fcc6e-4afc-4efe-9810-c457a5b9edc6/resourceGroups/jump-server-eu1w-rg/providers/Microsoft.Network/virtualNetworks/jump-server-eu1w-vnet/subnets/jump-server-eu1w-3.0.0.0-subnet",
            "ip_configurations": [],
            "name": "jump-server-eu1w-3.0.0.0-subnet",
            "network_security_group_id": "",
            "resource_group_name": "jump-server-eu1w-rg",
            "route_table_id": "",
            "service_endpoints": null,
            "virtual_network_name": "jump-server-eu1w-vnet"
          },
          "private": "bnVsbA==",
          "dependencies": [
            "azurerm_resource_group.jump_server_rg",
            "azurerm_virtual_network.jump_server_vnet"
          ]
        }
      ]
    },
    {
      "module": "module.location_eu1w",
      "mode": "managed",
      "type": "azurerm_subnet",
      "name": "web_server_subnet",
      "each": "list",
      "provider": "provider.azurerm",
      "instances": [
        {
          "index_key": 0,
          "schema_version": 0,
          "attributes": {
            "address_prefix": "2.0.1.0/24",
            "delegation": [],
            "id": "/subscriptions/fa7fcc6e-4afc-4efe-9810-c457a5b9edc6/resourceGroups/web-rg-eu1w/providers/Microsoft.Network/virtualNetworks/web-server-eu1w-vnet/subnets/web-server-eu1w-2.0.1.0-subnet",
            "ip_configurations": [],
            "name": "web-server-eu1w-2.0.1.0-subnet",
            "network_security_group_id": "/subscriptions/fa7fcc6e-4afc-4efe-9810-c457a5b9edc6/resourceGroups/web-rg-eu1w/providers/Microsoft.Network/networkSecurityGroups/web-server-eu1w-nsg",
            "resource_group_name": "web-rg-eu1w",
            "route_table_id": "",
            "service_endpoints": null,
            "virtual_network_name": "web-server-eu1w-vnet"
          },
          "private": "bnVsbA==",
          "dependencies": [
            "module.location_eu1w.azurerm_network_security_group.web_server_nsg",
            "module.location_eu1w.azurerm_resource_group.web_server_rg",
            "module.location_eu1w.azurerm_virtual_network.web_server_vnet"
          ]
        },
        {
          "index_key": 1,
          "schema_version": 0,
          "attributes": {
            "address_prefix": "2.0.2.0/24",
            "delegation": [],
            "id": "/subscriptions/fa7fcc6e-4afc-4efe-9810-c457a5b9edc6/resourceGroups/web-rg-eu1w/providers/Microsoft.Network/virtualNetworks/web-server-eu1w-vnet/subnets/web-server-eu1w-2.0.2.0-subnet",
            "ip_configurations": [],
            "name": "web-server-eu1w-2.0.2.0-subnet",
            "network_security_group_id": "",
            "resource_group_name": "web-rg-eu1w",
            "route_table_id": "",
            "service_endpoints": null,
            "virtual_network_name": "web-server-eu1w-vnet"
          },
          "private": "bnVsbA==",
          "dependencies": [
            "module.location_eu1w.azurerm_network_security_group.web_server_nsg",
            "module.location_eu1w.azurerm_resource_group.web_server_rg",
            "module.location_eu1w.azurerm_virtual_network.web_server_vnet"
          ]
        }
      ]
    },
    {
      "module": "module.location_us2w",
      "mode": "managed",
      "type": "azurerm_subnet",
      "name": "web_server_subnet",
      "each": "list",
      "provider": "provider.azurerm",
      "instances": [
        {
          "index_key": 0,
          "schema_version": 0,
          "attributes": {
            "address_prefix": "1.0.1.0/24",
            "delegation": [],
            "id": "/subscriptions/fa7fcc6e-4afc-4efe-9810-c457a5b9edc6/resourceGroups/web-rg-us2w/providers/Microsoft.Network/virtualNetworks/web-server-us2w-vnet/subnets/web-server-us2w-1.0.1.0-subnet",
            "ip_configurations": [],
            "name": "web-server-us2w-1.0.1.0-subnet",
            "network_security_group_id": "/subscriptions/fa7fcc6e-4afc-4efe-9810-c457a5b9edc6/resourceGroups/web-rg-us2w/providers/Microsoft.Network/networkSecurityGroups/web-server-us2w-nsg",
            "resource_group_name": "web-rg-us2w",
            "route_table_id": "",
            "service_endpoints": null,
            "virtual_network_name": "web-server-us2w-vnet"
          },
          "private": "bnVsbA==",
          "dependencies": [
            "module.location_us2w.azurerm_network_security_group.web_server_nsg",
            "module.location_us2w.azurerm_resource_group.web_server_rg",
            "module.location_us2w.azurerm_virtual_network.web_server_vnet"
          ]
        },
        {
          "index_key": 1,
          "schema_version": 0,
          "attributes": {
            "address_prefix": "1.0.2.0/24",
            "delegation": [],
            "id": "/subscriptions/fa7fcc6e-4afc-4efe-9810-c457a5b9edc6/resourceGroups/web-rg-us2w/providers/Microsoft.Network/virtualNetworks/web-server-us2w-vnet/subnets/web-server-us2w-1.0.2.0-subnet",
            "ip_configurations": [],
            "name": "web-server-us2w-1.0.2.0-subnet",
            "network_security_group_id": "",
            "resource_group_name": "web-rg-us2w",
            "route_table_id": "",
            "service_endpoints": null,
            "virtual_network_name": "web-server-us2w-vnet"
          },
          "private": "bnVsbA==",
          "dependencies": [
            "module.location_us2w.azurerm_network_security_group.web_server_nsg",
            "module.location_us2w.azurerm_resource_group.web_server_rg",
            "module.location_us2w.azurerm_virtual_network.web_server_vnet"
          ]
        }
      ]
    },
    {
      "mode": "managed",
      "type": "azurerm_traffic_manager_endpoint",
      "name": "traffic_manager_eu1w",
      "provider": "provider.azurerm",
      "instances": [
        {
          "schema_version": 0,
          "attributes": {
            "endpoint_location": "West Europe",
            "endpoint_monitor_status": "CheckingEndpoint",
            "endpoint_status": "Enabled",
            "geo_mappings": null,
            "id": "/subscriptions/fa7fcc6e-4afc-4efe-9810-c457a5b9edc6/resourceGroups/web-rg-us2w/providers/Microsoft.Network/trafficManagerProfiles/web-server-traffic-manager/azureEndpoints/web-server-eu1w-endpoint",
            "min_child_endpoints": 0,
            "name": "web-server-eu1w-endpoint",
            "priority": 2,
            "profile_name": "web-server-traffic-manager",
            "resource_group_name": "web-rg-us2w",
            "target": "learning-mustafa-web.westeurope.cloudapp.azure.com",
            "target_resource_id": "/subscriptions/fa7fcc6e-4afc-4efe-9810-c457a5b9edc6/resourceGroups/web-rg-eu1w/providers/Microsoft.Network/publicIPAddresses/web-server-eu1w-public-ip",
            "type": "azureEndpoints",
            "weight": 100
          },
          "private": "bnVsbA==",
          "dependencies": [
            "azurerm_traffic_manager_profile.traffic_manager",
            "module.location_eu1w.azurerm_public_ip.web_server_lb_public_ip",
            "module.location_eu1w.azurerm_resource_group.web_server_rg",
            "module.location_us2w.azurerm_resource_group.web_server_rg"
          ]
        }
      ]
    },
    {
      "mode": "managed",
      "type": "azurerm_traffic_manager_endpoint",
      "name": "traffic_manager_us2w",
      "provider": "provider.azurerm",
      "instances": [
        {
          "schema_version": 0,
          "attributes": {
            "endpoint_location": "West US 2",
            "endpoint_monitor_status": "CheckingEndpoint",
            "endpoint_status": "Enabled",
            "geo_mappings": null,
            "id": "/subscriptions/fa7fcc6e-4afc-4efe-9810-c457a5b9edc6/resourceGroups/web-rg-us2w/providers/Microsoft.Network/trafficManagerProfiles/web-server-traffic-manager/azureEndpoints/web-server-us2w-endpoint",
            "min_child_endpoints": 0,
            "name": "web-server-us2w-endpoint",
            "priority": 1,
            "profile_name": "web-server-traffic-manager",
            "resource_group_name": "web-rg-us2w",
            "target": "learning-mustafa-web.westus2.cloudapp.azure.com",
            "target_resource_id": "/subscriptions/fa7fcc6e-4afc-4efe-9810-c457a5b9edc6/resourceGroups/web-rg-us2w/providers/Microsoft.Network/publicIPAddresses/web-server-us2w-public-ip",
            "type": "azureEndpoints",
            "weight": 100
          },
          "private": "bnVsbA==",
          "dependencies": [
            "azurerm_traffic_manager_profile.traffic_manager",
            "module.location_us2w.azurerm_public_ip.web_server_lb_public_ip",
            "module.location_us2w.azurerm_resource_group.web_server_rg"
          ]
        }
      ]
    },
    {
      "mode": "managed",
      "type": "azurerm_traffic_manager_profile",
      "name": "traffic_manager",
      "provider": "provider.azurerm",
      "instances": [
        {
          "schema_version": 0,
          "attributes": {
            "dns_config": [
              {
                "relative_name": "learning-mustafa-web",
                "ttl": 100
              }
            ],
            "fqdn": "learning-mustafa-web.trafficmanager.net",
            "id": "/subscriptions/fa7fcc6e-4afc-4efe-9810-c457a5b9edc6/resourceGroups/web-rg-us2w/providers/Microsoft.Network/trafficManagerProfiles/web-server-traffic-manager",
            "monitor_config": [
              {
                "path": "/",
                "port": 80,
                "protocol": "http"
              }
            ],
            "name": "web-server-traffic-manager",
            "profile_status": "Enabled",
            "resource_group_name": "web-rg-us2w",
            "tags": {},
            "traffic_routing_method": "Weighted"
          },
          "private": "bnVsbA==",
          "dependencies": [
            "module.location_us2w.azurerm_resource_group.web_server_rg"
          ]
        }
      ]
    },
    {
      "mode": "managed",
      "type": "azurerm_virtual_machine",
      "name": "jump_server",
      "provider": "provider.azurerm",
      "instances": [
        {
          "schema_version": 0,
          "attributes": {
            "availability_set_id": null,
            "boot_diagnostics": [],
            "delete_data_disks_on_termination": false,
            "delete_os_disk_on_termination": false,
            "id": "/subscriptions/fa7fcc6e-4afc-4efe-9810-c457a5b9edc6/resourceGroups/jump-server-eu1w-rg/providers/Microsoft.Compute/virtualMachines/jump-eu1w",
            "identity": [],
            "license_type": null,
            "location": "westeurope",
            "name": "jump-eu1w",
            "network_interface_ids": [
              "/subscriptions/fa7fcc6e-4afc-4efe-9810-c457a5b9edc6/resourceGroups/jump-server-eu1w-rg/providers/Microsoft.Network/networkInterfaces/jump-eu1w-nic"
            ],
            "os_profile": [
              {
                "admin_password": "",
                "admin_username": "jumpserver",
                "computer_name": "jump-eu1w",
                "custom_data": ""
              }
            ],
            "os_profile_linux_config": [],
            "os_profile_secrets": [],
            "os_profile_windows_config": [
              {
                "additional_unattend_config": [],
                "enable_automatic_upgrades": false,
                "provision_vm_agent": false,
                "timezone": "",
                "winrm": []
              }
            ],
            "plan": [],
            "primary_network_interface_id": null,
            "resource_group_name": "jump-server-eu1w-rg",
            "storage_data_disk": [],
            "storage_image_reference": [
              {
                "id": "",
                "offer": "WindowsServer",
                "publisher": "MicrosoftWindowsServer",
                "sku": "2016-Datacenter",
                "version": "latest"
              }
            ],
            "storage_os_disk": [
              {
                "caching": "ReadWrite",
                "create_option": "FromImage",
                "disk_size_gb": 127,
                "image_uri": "",
                "managed_disk_id": "/subscriptions/fa7fcc6e-4afc-4efe-9810-c457a5b9edc6/resourceGroups/JUMP-SERVER-EU1W-RG/providers/Microsoft.Compute/disks/jump-eu1w-os",
                "managed_disk_type": "Standard_LRS",
                "name": "jump-eu1w-os",
                "os_type": "Windows",
                "vhd_uri": "",
                "write_accelerator_enabled": false
              }
            ],
            "tags": {},
            "vm_size": "Standard_F2s_v2",
            "zones": null
          },
          "private": "bnVsbA==",
          "dependencies": [
            "azurerm_network_interface.jump_server_nic",
            "azurerm_network_security_group.jump_server_nsg",
            "azurerm_public_ip.jump_server_public_ip",
            "azurerm_resource_group.jump_server_rg",
            "azurerm_subnet.jump_server_subnet",
            "azurerm_virtual_network.jump_server_vnet"
          ]
        }
      ]
    },
    {
      "module": "module.location_eu1w",
      "mode": "managed",
      "type": "azurerm_virtual_machine_scale_set",
      "name": "web_server",
      "provider": "provider.azurerm",
      "instances": [
        {
          "schema_version": 0,
          "attributes": {
            "automatic_os_upgrade": false,
            "boot_diagnostics": [],
            "eviction_policy": "",
            "extension": [
              {
                "auto_upgrade_minor_version": null,
                "name": "web-01-pd-extension",
                "protected_settings": "",
                "publisher": "Microsoft.Compute",
                "settings": "    {\r\n      \"fileUris\": [\"https://raw.githubusercontent.com/mustafakamil12/learning/master/azureInstallWebServer.ps1\"],\r\n      \"commandToExecute\": \"start powershell -ExecutionPolicy Unrestricted -File azureInstallWebServer.ps1\"\r\n    }\r\n",
                "type": "CustomScriptExtension",
                "type_handler_version": "1.9"
              }
            ],
            "health_probe_id": null,
            "id": "/subscriptions/fa7fcc6e-4afc-4efe-9810-c457a5b9edc6/resourceGroups/web-rg-eu1w/providers/Microsoft.Compute/virtualMachineScaleSets/web-server-eu1w-scale-set",
            "identity": [],
            "license_type": "",
            "location": "westeurope",
            "name": "web-server-eu1w-scale-set",
            "network_profile": [
              {
                "accelerated_networking": false,
                "dns_settings": [
                  {
                    "dns_servers": []
                  }
                ],
                "ip_configuration": [
                  {
                    "application_gateway_backend_address_pool_ids": [],
                    "application_security_group_ids": [],
                    "load_balancer_backend_address_pool_ids": [
                      "/subscriptions/fa7fcc6e-4afc-4efe-9810-c457a5b9edc6/resourceGroups/web-rg-eu1w/providers/Microsoft.Network/loadBalancers/web-server-eu1w-lb/backendAddressPools/web-server-eu1w-lb-backend-pool"
                    ],
                    "load_balancer_inbound_nat_rules_ids": [],
                    "name": "web-01-pd",
                    "primary": true,
                    "public_ip_address_configuration": [],
                    "subnet_id": "/subscriptions/fa7fcc6e-4afc-4efe-9810-c457a5b9edc6/resourceGroups/web-rg-eu1w/providers/Microsoft.Network/virtualNetworks/web-server-eu1w-vnet/subnets/web-server-eu1w-2.0.1.0-subnet"
                  }
                ],
                "ip_forwarding": false,
                "name": "web_server_network_profile",
                "network_security_group_id": "",
                "primary": true
              }
            ],
            "os_profile": [
              {
                "admin_password": "Passw0rd1234",
                "admin_username": "webserver",
                "computer_name_prefix": "web-01-pd",
                "custom_data": ""
              }
            ],
            "os_profile_linux_config": [],
            "os_profile_secrets": [],
            "os_profile_windows_config": [
              {
                "additional_unattend_config": [],
                "enable_automatic_upgrades": null,
                "provision_vm_agent": true,
                "winrm": []
              }
            ],
            "overprovision": true,
            "plan": [],
            "priority": "",
            "resource_group_name": "web-rg-eu1w",
            "rolling_upgrade_policy": [],
            "single_placement_group": true,
            "sku": [
              {
                "capacity": 1,
                "name": "Standard_F2s_v2",
                "tier": "Standard"
              }
            ],
            "storage_profile_data_disk": [],
            "storage_profile_image_reference": [
              {
                "id": "",
                "offer": "WindowsServer",
                "publisher": "MicrosoftWindowsServer",
                "sku": "2016-Datacenter-Server-Core-smalldisk",
                "version": "latest"
              }
            ],
            "storage_profile_os_disk": [
              {
                "caching": "ReadWrite",
                "create_option": "FromImage",
                "image": "",
                "managed_disk_type": "Standard_LRS",
                "name": "",
                "os_type": "",
                "vhd_containers": []
              }
            ],
            "tags": {},
            "upgrade_policy_mode": "Manual",
            "zones": null
          },
          "private": "bnVsbA==",
          "dependencies": [
            "module.location_eu1w.azurerm_lb.web_sever_lb",
            "module.location_eu1w.azurerm_lb_backend_address_pool.web_server_lb_backend_pool",
            "module.location_eu1w.azurerm_network_security_group.web_server_nsg",
            "module.location_eu1w.azurerm_public_ip.web_server_lb_public_ip",
            "module.location_eu1w.azurerm_resource_group.web_server_rg",
            "module.location_eu1w.azurerm_subnet.web_server_subnet",
            "module.location_eu1w.azurerm_virtual_network.web_server_vnet"
          ]
        }
      ]
    },
    {
      "module": "module.location_us2w",
      "mode": "managed",
      "type": "azurerm_virtual_machine_scale_set",
      "name": "web_server",
      "provider": "provider.azurerm",
      "instances": [
        {
          "schema_version": 0,
          "attributes": {
            "automatic_os_upgrade": false,
            "boot_diagnostics": [],
            "eviction_policy": "",
            "extension": [
              {
                "auto_upgrade_minor_version": null,
                "name": "web-01-pd-extension",
                "protected_settings": "",
                "publisher": "Microsoft.Compute",
                "settings": "    {\r\n      \"fileUris\": [\"https://raw.githubusercontent.com/mustafakamil12/learning/master/azureInstallWebServer.ps1\"],\r\n      \"commandToExecute\": \"start powershell -ExecutionPolicy Unrestricted -File azureInstallWebServer.ps1\"\r\n    }\r\n",
                "type": "CustomScriptExtension",
                "type_handler_version": "1.9"
              }
            ],
            "health_probe_id": null,
            "id": "/subscriptions/fa7fcc6e-4afc-4efe-9810-c457a5b9edc6/resourceGroups/web-rg-us2w/providers/Microsoft.Compute/virtualMachineScaleSets/web-server-us2w-scale-set",
            "identity": [],
            "license_type": "",
            "location": "westus2",
            "name": "web-server-us2w-scale-set",
            "network_profile": [
              {
                "accelerated_networking": false,
                "dns_settings": [
                  {
                    "dns_servers": []
                  }
                ],
                "ip_configuration": [
                  {
                    "application_gateway_backend_address_pool_ids": [],
                    "application_security_group_ids": [],
                    "load_balancer_backend_address_pool_ids": [
                      "/subscriptions/fa7fcc6e-4afc-4efe-9810-c457a5b9edc6/resourceGroups/web-rg-us2w/providers/Microsoft.Network/loadBalancers/web-server-us2w-lb/backendAddressPools/web-server-us2w-lb-backend-pool"
                    ],
                    "load_balancer_inbound_nat_rules_ids": [],
                    "name": "web-01-pd",
                    "primary": true,
                    "public_ip_address_configuration": [],
                    "subnet_id": "/subscriptions/fa7fcc6e-4afc-4efe-9810-c457a5b9edc6/resourceGroups/web-rg-us2w/providers/Microsoft.Network/virtualNetworks/web-server-us2w-vnet/subnets/web-server-us2w-1.0.1.0-subnet"
                  }
                ],
                "ip_forwarding": false,
                "name": "web_server_network_profile",
                "network_security_group_id": "",
                "primary": true
              }
            ],
            "os_profile": [
              {
                "admin_password": "Passw0rd1234",
                "admin_username": "webserver",
                "computer_name_prefix": "web-01-pd",
                "custom_data": ""
              }
            ],
            "os_profile_linux_config": [],
            "os_profile_secrets": [],
            "os_profile_windows_config": [
              {
                "additional_unattend_config": [],
                "enable_automatic_upgrades": null,
                "provision_vm_agent": true,
                "winrm": []
              }
            ],
            "overprovision": true,
            "plan": [],
            "priority": "",
            "resource_group_name": "web-rg-us2w",
            "rolling_upgrade_policy": [],
            "single_placement_group": true,
            "sku": [
              {
                "capacity": 1,
                "name": "Standard_F2s_v2",
                "tier": "Standard"
              }
            ],
            "storage_profile_data_disk": [],
            "storage_profile_image_reference": [
              {
                "id": "",
                "offer": "WindowsServer",
                "publisher": "MicrosoftWindowsServer",
                "sku": "2016-Datacenter-Server-Core-smalldisk",
                "version": "latest"
              }
            ],
            "storage_profile_os_disk": [
              {
                "caching": "ReadWrite",
                "create_option": "FromImage",
                "image": "",
                "managed_disk_type": "Standard_LRS",
                "name": "",
                "os_type": "",
                "vhd_containers": []
              }
            ],
            "tags": {},
            "upgrade_policy_mode": "Manual",
            "zones": null
          },
          "private": "bnVsbA==",
          "dependencies": [
            "module.location_us2w.azurerm_lb.web_sever_lb",
            "module.location_us2w.azurerm_lb_backend_address_pool.web_server_lb_backend_pool",
            "module.location_us2w.azurerm_network_security_group.web_server_nsg",
            "module.location_us2w.azurerm_public_ip.web_server_lb_public_ip",
            "module.location_us2w.azurerm_resource_group.web_server_rg",
            "module.location_us2w.azurerm_subnet.web_server_subnet",
            "module.location_us2w.azurerm_virtual_network.web_server_vnet"
          ]
        }
      ]
    },
    {
      "mode": "managed",
      "type": "azurerm_virtual_network",
      "name": "jump_server_vnet",
      "provider": "provider.azurerm",
      "instances": [
        {
          "schema_version": 0,
          "attributes": {
            "address_space": [
              "3.0.0.0/24"
            ],
            "ddos_protection_plan": [],
            "dns_servers": null,
            "id": "/subscriptions/fa7fcc6e-4afc-4efe-9810-c457a5b9edc6/resourceGroups/jump-server-eu1w-rg/providers/Microsoft.Network/virtualNetworks/jump-server-eu1w-vnet",
            "location": "westeurope",
            "name": "jump-server-eu1w-vnet",
            "resource_group_name": "jump-server-eu1w-rg",
            "subnet": [],
            "tags": {}
          },
          "private": "bnVsbA==",
          "dependencies": [
            "azurerm_resource_group.jump_server_rg"
          ]
        }
      ]
    },
    {
      "module": "module.location_eu1w",
      "mode": "managed",
      "type": "azurerm_virtual_network",
      "name": "web_server_vnet",
      "provider": "provider.azurerm",
      "instances": [
        {
          "schema_version": 0,
          "attributes": {
            "address_space": [
              "2.0.0.0/22"
            ],
            "ddos_protection_plan": [],
            "dns_servers": null,
            "id": "/subscriptions/fa7fcc6e-4afc-4efe-9810-c457a5b9edc6/resourceGroups/web-rg-eu1w/providers/Microsoft.Network/virtualNetworks/web-server-eu1w-vnet",
            "location": "westeurope",
            "name": "web-server-eu1w-vnet",
            "resource_group_name": "web-rg-eu1w",
            "subnet": [],
            "tags": {}
          },
          "private": "bnVsbA==",
          "dependencies": [
            "module.location_eu1w.azurerm_resource_group.web_server_rg"
          ]
        }
      ]
    },
    {
      "module": "module.location_us2w",
      "mode": "managed",
      "type": "azurerm_virtual_network",
      "name": "web_server_vnet",
      "provider": "provider.azurerm",
      "instances": [
        {
          "schema_version": 0,
          "attributes": {
            "address_space": [
              "1.0.0.0/22"
            ],
            "ddos_protection_plan": [],
            "dns_servers": null,
            "id": "/subscriptions/fa7fcc6e-4afc-4efe-9810-c457a5b9edc6/resourceGroups/web-rg-us2w/providers/Microsoft.Network/virtualNetworks/web-server-us2w-vnet",
            "location": "westus2",
            "name": "web-server-us2w-vnet",
            "resource_group_name": "web-rg-us2w",
            "subnet": [],
            "tags": {}
          },
          "private": "bnVsbA==",
          "dependencies": [
            "module.location_us2w.azurerm_resource_group.web_server_rg"
          ]
        }
      ]
    },
    {
      "mode": "managed",
      "type": "azurerm_virtual_network_peering",
      "name": "jump_server_peer_web_eu1w",
      "provider": "provider.azurerm",
      "instances": [
        {
          "schema_version": 0,
          "attributes": {
            "allow_forwarded_traffic": false,
            "allow_gateway_transit": false,
            "allow_virtual_network_access": true,
            "id": "/subscriptions/fa7fcc6e-4afc-4efe-9810-c457a5b9edc6/resourceGroups/jump-server-eu1w-rg/providers/Microsoft.Network/virtualNetworks/jump-server-eu1w-vnet/virtualNetworkPeerings/jump-eu1w-peer-web-eu1w",
            "name": "jump-eu1w-peer-web-eu1w",
            "remote_virtual_network_id": "/subscriptions/fa7fcc6e-4afc-4efe-9810-c457a5b9edc6/resourceGroups/web-rg-eu1w/providers/Microsoft.Network/virtualNetworks/web-server-eu1w-vnet",
            "resource_group_name": "jump-server-eu1w-rg",
            "use_remote_gateways": false,
            "virtual_network_name": "jump-server-eu1w-vnet"
          },
          "private": "bnVsbA==",
          "dependencies": [
            "azurerm_resource_group.jump_server_rg",
            "azurerm_subnet.jump_server_subnet",
            "azurerm_virtual_network.jump_server_vnet",
            "module.location_eu1w.azurerm_resource_group.web_server_rg",
            "module.location_eu1w.azurerm_virtual_network.web_server_vnet"
          ]
        }
      ]
    },
    {
      "mode": "managed",
      "type": "azurerm_virtual_network_peering",
      "name": "jump_server_peer_web_us2w",
      "provider": "provider.azurerm",
      "instances": [
        {
          "schema_version": 0,
          "attributes": {
            "allow_forwarded_traffic": false,
            "allow_gateway_transit": false,
            "allow_virtual_network_access": true,
            "id": "/subscriptions/fa7fcc6e-4afc-4efe-9810-c457a5b9edc6/resourceGroups/jump-server-eu1w-rg/providers/Microsoft.Network/virtualNetworks/jump-server-eu1w-vnet/virtualNetworkPeerings/jump-eu1w-peer-web-us2w",
            "name": "jump-eu1w-peer-web-us2w",
            "remote_virtual_network_id": "/subscriptions/fa7fcc6e-4afc-4efe-9810-c457a5b9edc6/resourceGroups/web-rg-us2w/providers/Microsoft.Network/virtualNetworks/web-server-us2w-vnet",
            "resource_group_name": "jump-server-eu1w-rg",
            "use_remote_gateways": false,
            "virtual_network_name": "jump-server-eu1w-vnet"
          },
          "private": "bnVsbA==",
          "dependencies": [
            "azurerm_resource_group.jump_server_rg",
            "azurerm_subnet.jump_server_subnet",
            "azurerm_virtual_network.jump_server_vnet",
            "module.location_us2w.azurerm_resource_group.web_server_rg",
            "module.location_us2w.azurerm_virtual_network.web_server_vnet"
          ]
        }
      ]
    },
    {
      "mode": "managed",
      "type": "azurerm_virtual_network_peering",
      "name": "web_eu1w_peer_jump_server",
      "provider": "provider.azurerm",
      "instances": [
        {
          "schema_version": 0,
          "attributes": {
            "allow_forwarded_traffic": false,
            "allow_gateway_transit": false,
            "allow_virtual_network_access": true,
            "id": "/subscriptions/fa7fcc6e-4afc-4efe-9810-c457a5b9edc6/resourceGroups/web-rg-eu1w/providers/Microsoft.Network/virtualNetworks/web-server-eu1w-vnet/virtualNetworkPeerings/web-eu1w-peer-jump-eu1w",
            "name": "web-eu1w-peer-jump-eu1w",
            "remote_virtual_network_id": "/subscriptions/fa7fcc6e-4afc-4efe-9810-c457a5b9edc6/resourceGroups/jump-server-eu1w-rg/providers/Microsoft.Network/virtualNetworks/jump-server-eu1w-vnet",
            "resource_group_name": "web-rg-eu1w",
            "use_remote_gateways": false,
            "virtual_network_name": "web-server-eu1w-vnet"
          },
          "private": "bnVsbA==",
          "dependencies": [
            "azurerm_resource_group.jump_server_rg",
            "azurerm_subnet.jump_server_subnet",
            "azurerm_virtual_network.jump_server_vnet",
            "module.location_eu1w.azurerm_resource_group.web_server_rg",
            "module.location_eu1w.azurerm_virtual_network.web_server_vnet"
          ]
        }
      ]
    },
    {
      "mode": "managed",
      "type": "azurerm_virtual_network_peering",
      "name": "web_us2w_peer_jump_server",
      "provider": "provider.azurerm",
      "instances": [
        {
          "schema_version": 0,
          "attributes": {
            "allow_forwarded_traffic": false,
            "allow_gateway_transit": false,
            "allow_virtual_network_access": true,
            "id": "/subscriptions/fa7fcc6e-4afc-4efe-9810-c457a5b9edc6/resourceGroups/web-rg-us2w/providers/Microsoft.Network/virtualNetworks/web-server-us2w-vnet/virtualNetworkPeerings/web-us2w-peer-jump-eu1w",
            "name": "web-us2w-peer-jump-eu1w",
            "remote_virtual_network_id": "/subscriptions/fa7fcc6e-4afc-4efe-9810-c457a5b9edc6/resourceGroups/jump-server-eu1w-rg/providers/Microsoft.Network/virtualNetworks/jump-server-eu1w-vnet",
            "resource_group_name": "web-rg-us2w",
            "use_remote_gateways": false,
            "virtual_network_name": "web-server-us2w-vnet"
          },
          "private": "bnVsbA==",
          "dependencies": [
            "azurerm_resource_group.jump_server_rg",
            "azurerm_subnet.jump_server_subnet",
            "azurerm_virtual_network.jump_server_vnet",
            "module.location_us2w.azurerm_resource_group.web_server_rg",
            "module.location_us2w.azurerm_virtual_network.web_server_vnet"
          ]
        }
      ]
    }
  ]
}
